// !$*UTF8*$!
{
	archiveVersion = 1;
	classes = {
	};
	objectVersion = 46;
	objects = {

/* Begin PBXBuildFile section */
		A657D40D1EF3927B00E05529 /* AppDelegate.swift in Sources */ = {isa = PBXBuildFile; fileRef = A657D40C1EF3927B00E05529 /* AppDelegate.swift */; };
		A657D40F1EF3927B00E05529 /* ViewController.swift in Sources */ = {isa = PBXBuildFile; fileRef = A657D40E1EF3927B00E05529 /* ViewController.swift */; };
		A657D4121EF3927B00E05529 /* Main.storyboard in Resources */ = {isa = PBXBuildFile; fileRef = A657D4101EF3927B00E05529 /* Main.storyboard */; };
		A657D4141EF3927B00E05529 /* Assets.xcassets in Resources */ = {isa = PBXBuildFile; fileRef = A657D4131EF3927B00E05529 /* Assets.xcassets */; };
		A657D4171EF3927B00E05529 /* LaunchScreen.storyboard in Resources */ = {isa = PBXBuildFile; fileRef = A657D4151EF3927B00E05529 /* LaunchScreen.storyboard */; };
/* End PBXBuildFile section */

/* Begin PBXFileReference section */
		A657D4091EF3927B00E05529 /* PushView.app */ = {isa = PBXFileReference; explicitFileType = wrapper.application; includeInIndex = 0; path = PushView.app; sourceTree = BUILT_PRODUCTS_DIR; };
		A657D40C1EF3927B00E05529 /* AppDelegate.swift */ = {isa = PBXFileReference; lastKnownFileType = sourcecode.swift; path = AppDelegate.swift; sourceTree = "<group>"; };
		A657D40E1EF3927B00E05529 /* ViewController.swift */ = {isa = PBXFileReference; lastKnownFileType = sourcecode.swift; path = ViewController.swift; sourceTree = "<group>"; };
		A657D4111EF3927B00E05529 /* Base */ = {isa = PBXFileReference; lastKnownFileType = file.storyboard; name = Base; path = Base.lproj/Main.storyboard; sourceTree = "<group>"; };
		A657D4131EF3927B00E05529 /* Assets.xcassets */ = {isa = PBXFileReference; lastKnownFileType = folder.assetcatalog; path = Assets.xcassets; sourceTree = "<group>"; };
		A657D4161EF3927B00E05529 /* Base */ = {isa = PBXFileReference; lastKnownFileType = file.storyboard; name = Base; path = Base.lproj/LaunchScreen.storyboard; sourceTree = "<group>"; };
		A657D4181EF3927B00E05529 /* Info.plist */ = {isa = PBXFileReference; lastKnownFileType = text.plist.xml; path = Info.plist; sourceTree = "<group>"; };
/* End PBXFileReference section */

/* Begin PBXFrameworksBuildPhase section */
		A657D4061EF3927B00E05529 /* Frameworks */ = {
			isa = PBXFrameworksBuildPhase;
			buildActionMask = 2147483647;
			files = (
			);
			runOnlyForDeploymentPostprocessing = 0;
		};
/* End PBXFrameworksBuildPhase section */

/* Begin PBXGroup section */
		A657D4001EF3927B00E05529 = {
			isa = PBXGroup;
			children = (
				A657D40B1EF3927B00E05529 /* PushView */,
				A657D40A1EF3927B00E05529 /* Products */,
			);
			sourceTree = "<group>";
		};
		A657D40A1EF3927B00E05529 /* Products */ = {
			isa = PBXGroup;
			children = (
				A657D4091EF3927B00E05529 /* PushView.app */,
			);
			name = Products;
			sourceTree = "<group>";
		};
		A657D40B1EF3927B00E05529 /* PushView */ = {
			isa = PBXGroup;
			children = (
				A657D40C1EF3927B00E05529 /* AppDelegate.swift */,
				A657D40E1EF3927B00E05529 /* ViewController.swift */,
				A657D4101EF3927B00E05529 /* Main.storyboard */,
				A657D4131EF3927B00E05529 /* Assets.xcassets */,
				A657D4151EF3927B00E05529 /* LaunchScreen.storyboard */,
				A657D4181EF3927B00E05529 /* Info.plist */,
			);
			path = PushView;
			sourceTree = "<group>";
		};
/* End PBXGroup section */

/* Begin PBXNativeTarget section */
		A657D4081EF3927B00E05529 /* PushView */ = {
			isa = PBXNativeTarget;
			buildConfigurationList = A657D41B1EF3927B00E05529 /* Build configuration list for PBXNativeTarget "PushView" */;
			buildPhases = (
				A657D4051EF3927B00E05529 /* Sources */,
				A657D4061EF3927B00E05529 /* Frameworks */,
				A657D4071EF3927B00E05529 /* Resources */,
			);
			buildRules = (
			);
			dependencies = (
			);
			name = PushView;
			productName = PushView;
			productReference = A657D4091EF3927B00E05529 /* PushView.app */;
			productType = "com.apple.product-type.application";
		};
/* End PBXNativeTarget section */

/* Begin PBXProject section */
		A657D4011EF3927B00E05529 /* Project object */ = {
			isa = PBXProject;
			attributes = {
				LastSwiftUpdateCheck = 0820;
				LastUpgradeCheck = 0820;
				ORGANIZATIONNAME = Tung;
				TargetAttributes = {
					A657D4081EF3927B00E05529 = {
						CreatedOnToolsVersion = 8.2.1;
						ProvisioningStyle = Automatic;
					};
				};
			};
			buildConfigurationList = A657D4041EF3927B00E05529 /* Build configuration list for PBXProject "PushView" */;
			compatibilityVersion = "Xcode 3.2";
			developmentRegion = English;
			hasScannedForEncodings = 0;
			knownRegions = (
				en,
				Base,
			);
			mainGroup = A657D4001EF3927B00E05529;
			productRefGroup = A657D40A1EF3927B00E05529 /* Products */;
			projectDirPath = "";
			projectRoot = "";
			targets = (
				A657D4081EF3927B00E05529 /* PushView */,
			);
		};
/* End PBXProject section */

/* Begin PBXResourcesBuildPhase section */
		A657D4071EF3927B00E05529 /* Resources */ = {
			isa = PBXResourcesBuildPhase;
			buildActionMask = 2147483647;
			files = (
				A657D4171EF3927B00E05529 /* LaunchScreen.storyboard in Resources */,
				A657D4141EF3927B00E05529 /* Assets.xcassets in Resources */,
				A657D4121EF3927B00E05529 /* Main.storyboard in Resources */,
			);
			runOnlyForDeploymentPostprocessing = 0;
		};
/* End PBXResourcesBuildPhase section */

/* Begin PBXSourcesBuildPhase section */
		A657D4051EF3927B00E05529 /* Sources */ = {
			isa = PBXSourcesBuildPhase;
			buildActionMask = 2147483647;
			files = (
				A657D40F1EF3927B00E05529 /* ViewController.swift in Sources */,
				A657D40D1EF3927B00E05529 /* AppDelegate.swift in Sources */,
			);
			runOnlyForDeploymentPostprocessing = 0;
		};
/* End PBXSourcesBuildPhase section */

/* Begin PBXVariantGroup section */
		A657D4101EF3927B00E05529 /* Main.storyboard */ = {
			isa = PBXVariantGroup;
			children = (
				A657D4111EF3927B00E05529 /* Base */,
			);
			name = Main.storyboard;
			sourceTree = "<group>";
		};
		A657D4151EF3927B00E05529 /* LaunchScreen.storyboard */ = {
			isa = PBXVariantGroup;
			children = (
				A657D4161EF3927B00E05529 /* Base */,
			);
			name = LaunchScreen.storyboard;
			sourceTree = "<group>";
		};
/* End PBXVariantGroup section */

/* Begin XCBuildConfiguration section */
		A657D4191EF3927B00E05529 /* Debug */ = {
			isa = XCBuildConfiguration;
			buildSettings = {
				ALWAYS_SEARCH_USER_PATHS = NO;
				CLANG_ANALYZER_NONNULL = YES;
				CLANG_CXX_LANGUAGE_STANDARD = "gnu++0x";
				CLANG_CXX_LIBRARY = "libc++";
				CLANG_ENABLE_MODULES = YES;
				CLANG_ENABLE_OBJC_ARC = YES;
				CLANG_WARN_BOOL_CONVERSION = YES;
				CLANG_WARN_CONSTANT_CONVERSION = YES;
				CLANG_WARN_DIRECT_OBJC_ISA_USAGE = YES_ERROR;
				CLANG_WARN_DOCUMENTATION_COMMENTS = YES;
				CLANG_WARN_EMPTY_BODY = YES;
				CLANG_WARN_ENUM_CONVERSION = YES;
				CLANG_WARN_INFINITE_RECURSION = YES;
				CLANG_WARN_INT_CONVERSION = YES;
				CLANG_WARN_OBJC_ROOT_CLASS = YES_ERROR;
				CLANG_WARN_SUSPICIOUS_MOVE = YES;
				CLANG_WARN_UNREACHABLE_CODE = YES;
				CLANG_WARN__DUPLICATE_METHOD_MATCH = YES;
				"CODE_SIGN_IDENTITY[sdk=iphoneos*]" = "iPhone Developer";
				COPY_PHASE_STRIP = NO;
				DEBUG_INFORMATION_FORMAT = dwarf;
				ENABLE_STRICT_OBJC_MSGSEND = YES;
				ENABLE_TESTABILITY = YES;
				GCC_C_LANGUAGE_STANDARD = gnu99;
				GCC_DYNAMIC_NO_PIC = NO;
				GCC_NO_COMMON_BLOCKS = YES;
				GCC_OPTIMIZATION_LEVEL = 0;
				GCC_PREPROCESSOR_DEFINITIONS = (
					"DEBUG=1",
					"$(inherited)",
				);
				GCC_WARN_64_TO_32_BIT_CONVERSION = YES;
				GCC_WARN_ABOUT_RETURN_TYPE = YES_ERROR;
				GCC_WARN_UNDECLARED_SELECTOR = YES;
				GCC_WARN_UNINITIALIZED_AUTOS = YES_AGGRESSIVE;
				GCC_WARN_UNUSED_FUNCTION = YES;
				GCC_WARN_UNUSED_VARIABLE = YES;
				IPHONEOS_DEPLOYMENT_TARGET = 10.2;
				MTL_ENABLE_DEBUG_INFO = YES;
				ONLY_ACTIVE_ARCH = YES;
				SDKROOT = iphoneos;
				SWIFT_ACTIVE_COMPILATION_CONDITIONS = DEBUG;
				SWIFT_OPTIMIZATION_LEVEL = "-Onone";
				TARGETED_DEVICE_FAMILY = "1,2";
			};
			name = Debug;
		};
		A657D41A1EF3927B00E05529 /* Release */ = {
			isa = XCBuildConfiguration;
			buildSettings = {
				ALWAYS_SEARCH_USER_PATHS = NO;
				CLANG_ANALYZER_NONNULL = YES;
				CLANG_CXX_LANGUAGE_STANDARD = "gnu++0x";
				CLANG_CXX_LIBRARY = "libc++";
				CLANG_ENABLE_MODULES = YES;
				CLANG_ENABLE_OBJC_ARC = YES;
				CLANG_WARN_BOOL_CONVERSION = YES;
				CLANG_WARN_CONSTANT_CONVERSION = YES;
				CLANG_WARN_DIRECT_OBJC_ISA_USAGE = YES_ERROR;
				CLANG_WARN_DOCUMENTATION_COMMENTS = YES;
				CLANG_WARN_EMPTY_BODY = YES;
				CLANG_WARN_ENUM_CONVERSION = YES;
				CLANG_WARN_INFINITE_RECURSION = YES;
				CLANG_WARN_INT_CONVERSION = YES;
				CLANG_WARN_OBJC_ROOT_CLASS = YES_ERROR;
				CLANG_WARN_SUSPICIOUS_MOVE = YES;
				CLANG_WARN_UNREACHABLE_CODE = YES;
				CLANG_WARN__DUPLICATE_METHOD_MATCH = YES;
				"CODE_SIGN_IDENTITY[sdk=iphoneos*]" = "iPhone Developer";
				COPY_PHASE_STRIP = NO;
				DEBUG_INFORMATION_FORMAT = "dwarf-with-dsym";
				ENABLE_NS_ASSERTIONS = NO;
				ENABLE_STRICT_OBJC_MSGSEND = YES;
				GCC_C_LANGUAGE_STANDARD = gnu99;
				GCC_NO_COMMON_BLOCKS = YES;
				GCC_WARN_64_TO_32_BIT_CONVERSION = YES;
				GCC_WARN_ABOUT_RETURN_TYPE = YES_ERROR;
				GCC_WARN_UNDECLARED_SELECTOR = YES;
				GCC_WARN_UNINITIALIZED_AUTOS = YES_AGGRESSIVE;
				GCC_WARN_UNUSED_FUNCTION = YES;
				GCC_WARN_UNUSED_VARIABLE = YES;
				IPHONEOS_DEPLOYMENT_TARGET = 10.2;
				MTL_ENABLE_DEBUG_INFO = NO;
				SDKROOT = iphoneos;
				SWIFT_OPTIMIZATION_LEVEL = "-Owholemodule";
				TARGETED_DEVICE_FAMILY = "1,2";
				VALIDATE_PRODUCT = YES;
			};
			name = Release;
		};
		A657D41C1EF3927B00E05529 /* Debug */ = {
			isa = XCBuildConfiguration;
			buildSettings = {
				ASSETCATALOG_COMPILER_APPICON_NAME = AppIcon;
				INFOPLIST_FILE = PushView/Info.plist;
				LD_RUNPATH_SEARCH_PATHS = "$(inherited) @executable_path/Frameworks";
				PRODUCT_BUNDLE_IDENTIFIER = Tung.PushView;
				PRODUCT_NAME = "$(TARGET_NAME)";
				SWIFT_VERSION = 3.0;
			};
			name = Debug;
		};
		A657D41D1EF3927B00E05529 /* Release */ = {
			isa = XCBuildConfiguration;
			buildSettings = {
				ASSETCATALOG_COMPILER_APPICON_NAME = AppIcon;
				INFOPLIST_FILE = PushView/Info.plist;
				LD_RUNPATH_SEARCH_PATHS = "$(inherited) @executable_path/Frameworks";
				PRODUCT_BUNDLE_IDENTIFIER = Tung.PushView;
				PRODUCT_NAME = "$(TARGET_NAME)";
				SWIFT_VERSION = 3.0;
			};
			name = Release;
		};
/* End XCBuildConfiguration section */

/* Begin XCConfigurationList section */
		A657D4041EF3927B00E05529 /* Build configuration list for PBXProject "PushView" */ = {
			isa = XCConfigurationList;
			buildConfigurations = (
				A657D4191EF3927B00E05529 /* Debug */,
				A657D41A1EF3927B00E05529 /* Release */,
			);
			defaultConfigurationIsVisible = 0;
			defaultConfigurationName = Release;
		};
		A657D41B1EF3927B00E05529 /* Build configuration list for PBXNativeTarget "PushView" */ = {
			isa = XCConfigurationList;
			buildConfigurations = (
				A657D41C1EF3927B00E05529 /* Debug */,
				A657D41D1EF3927B00E05529 /* Release */,
			);
			defaultConfigurationIsVisible = 0;
		};
/* End XCConfigurationList section */
	};
	rootObject = A657D4011EF3927B00E05529 /* Project object */;
}
